
Microsoft Visual Studio Solution File, Format Version 12.00
# Visual Studio 15
VisualStudioVersion = 15.0.26730.16
MinimumVisualStudioVersion = 10.0.40219.1
Project("{FAE04EC0-301F-11D3-BF4B-00C04F79EFBC}") = "NGN to IMS Migration", "NGN to IMS Migration\NGN to IMS Migration.csproj", "{0D1B78F5-ECB8-4045-85DC-233E40572148}"
EndProject
Global
	GlobalSection(SolutionConfigurationPlatforms) = preSolution
		Debug|Any CPU = Debug|Any CPU
		Release|Any CPU = Release|Any CPU
	EndGlobalSection
	GlobalSection(ProjectConfigurationPlatforms) = postSolution
		{0D1B78F5-ECB8-4045-85DC-233E40572148}.Debug|Any CPU.ActiveCfg = Debug|Any CPU
		{0D1B78F5-ECB8-4045-85DC-233E40572148}.Debug|Any CPU.Build.0 = Debug|Any CPU
		{0D1B78F5-ECB8-4045-85DC-233E40572148}.Release|Any CPU.ActiveCfg = Release|Any CPU
		{0D1B78F5-ECB8-4045-85DC-233E40572148}.Release|Any CPU.Build.0 = Release|Any CPU
	EndGlobalSection
	GlobalSection(SolutionProperties) = preSolution
		HideSolutionNode = FALSE
	EndGlobalSection
	GlobalSection(ExtensibilityGlobals) = postSolution
		SolutionGuid = {39D64B9B-591B-4AC7-877E-692DD84DA46C}
	EndGlobalSection
EndGlobal
